
Microsoft Visual Studio Solution File, Format Version 12.00
# Visual Studio Version 17
VisualStudioVersion = 17.7.34009.444
MinimumVisualStudioVersion = 10.0.40219.1
Project("{9A19103F-16F7-4668-BE54-9A1E7A4F7556}") = "InstantBulkheadAnimations", "InstantBulkheadAnimations\InstantBulkheadAnimations.csproj", "{CE527C32-6165-40BB-AC69-2CFD23B22795}"
EndProject
Project("{9A19103F-16F7-4668-BE54-9A1E7A4F7556}") = "MoreModifiedItems", "MoreModifiedItems\MoreModifiedItems.csproj", "{2622E390-D206-4FB5-BC4C-1443363F5A5F}"
EndProject
Project("{9A19103F-16F7-4668-BE54-9A1E7A4F7556}") = "NoMenuPause", "NoMenuPause\NoMenuPause.csproj", "{1CAC2D1F-4F40-49E9-9EC5-2E6DDAD7378B}"
EndProject
Project("{9A19103F-16F7-4668-BE54-9A1E7A4F7556}") = "PickupableStorageEnhanced", "PickupFullCarryalls\PickupableStorageEnhanced.csproj", "{B1B1B1D8-F826-497B-AF5D-847D4FC05D70}"
EndProject
Project("{9A19103F-16F7-4668-BE54-9A1E7A4F7556}") = "ConfigurableDrillableCount", "ConfigurableDrillableCount\ConfigurableDrillableCount.csproj", "{A7EE2220-8352-4FC7-A11B-948B42188ED4}"
EndProject
Global
	GlobalSection(SolutionConfigurationPlatforms) = preSolution
		BelowZero|Any CPU = BelowZero|Any CPU
		Subnautica|Any CPU = Subnautica|Any CPU
	EndGlobalSection
	GlobalSection(ProjectConfigurationPlatforms) = postSolution
		{CE527C32-6165-40BB-AC69-2CFD23B22795}.BelowZero|Any CPU.ActiveCfg = BelowZero|Any CPU
		{CE527C32-6165-40BB-AC69-2CFD23B22795}.BelowZero|Any CPU.Build.0 = BelowZero|Any CPU
		{CE527C32-6165-40BB-AC69-2CFD23B22795}.Subnautica|Any CPU.ActiveCfg = Subnautica|Any CPU
		{CE527C32-6165-40BB-AC69-2CFD23B22795}.Subnautica|Any CPU.Build.0 = Subnautica|Any CPU
		{2622E390-D206-4FB5-BC4C-1443363F5A5F}.BelowZero|Any CPU.ActiveCfg = BelowZero|Any CPU
		{2622E390-D206-4FB5-BC4C-1443363F5A5F}.BelowZero|Any CPU.Build.0 = BelowZero|Any CPU
		{2622E390-D206-4FB5-BC4C-1443363F5A5F}.Subnautica|Any CPU.ActiveCfg = Subnautica|Any CPU
		{2622E390-D206-4FB5-BC4C-1443363F5A5F}.Subnautica|Any CPU.Build.0 = Subnautica|Any CPU
		{1CAC2D1F-4F40-49E9-9EC5-2E6DDAD7378B}.BelowZero|Any CPU.ActiveCfg = BelowZero|Any CPU
		{1CAC2D1F-4F40-49E9-9EC5-2E6DDAD7378B}.BelowZero|Any CPU.Build.0 = BelowZero|Any CPU
		{1CAC2D1F-4F40-49E9-9EC5-2E6DDAD7378B}.Subnautica|Any CPU.ActiveCfg = Subnautica|Any CPU
		{1CAC2D1F-4F40-49E9-9EC5-2E6DDAD7378B}.Subnautica|Any CPU.Build.0 = Subnautica|Any CPU
		{B1B1B1D8-F826-497B-AF5D-847D4FC05D70}.BelowZero|Any CPU.ActiveCfg = BelowZero|Any CPU
		{B1B1B1D8-F826-497B-AF5D-847D4FC05D70}.BelowZero|Any CPU.Build.0 = BelowZero|Any CPU
		{B1B1B1D8-F826-497B-AF5D-847D4FC05D70}.Subnautica|Any CPU.ActiveCfg = Subnautica|Any CPU
		{B1B1B1D8-F826-497B-AF5D-847D4FC05D70}.Subnautica|Any CPU.Build.0 = Subnautica|Any CPU
		{A7EE2220-8352-4FC7-A11B-948B42188ED4}.BelowZero|Any CPU.ActiveCfg = BelowZero|Any CPU
		{A7EE2220-8352-4FC7-A11B-948B42188ED4}.BelowZero|Any CPU.Build.0 = BelowZero|Any CPU
		{A7EE2220-8352-4FC7-A11B-948B42188ED4}.Subnautica|Any CPU.ActiveCfg = Subnautica|Any CPU
		{A7EE2220-8352-4FC7-A11B-948B42188ED4}.Subnautica|Any CPU.Build.0 = Subnautica|Any CPU
	EndGlobalSection
	GlobalSection(SolutionProperties) = preSolution
		HideSolutionNode = FALSE
	EndGlobalSection
	GlobalSection(ExtensibilityGlobals) = postSolution
		SolutionGuid = {7FE6B4C0-CE04-4868-805D-E4C59C21ACE4}
	EndGlobalSection
EndGlobal
