
Microsoft Visual Studio Solution File, Format Version 12.00
# Visual Studio 15
VisualStudioVersion = 15.0.28010.2026
MinimumVisualStudioVersion = 10.0.40219.1
Project("{D954291E-2A0B-460D-934E-DC6B0785DB48}") = "Common", "Common\Common.shproj", "{6A87F420-FE54-4EDF-AC43-118B07829F55}"
EndProject
Project("{FAE04EC0-301F-11D3-BF4B-00C04F79EFBC}") = "InstantBulkheadAnimations", "InstantBulkheadAnimations\InstantBulkheadAnimations.csproj", "{01A12DA2-756D-46FC-8F42-D8AF66B2250B}"
EndProject
Project("{FAE04EC0-301F-11D3-BF4B-00C04F79EFBC}") = "ConfigurableDrillableCount", "ConfigurableDrillableCount\ConfigurableDrillableCount.csproj", "{D1641441-427A-4C34-B750-29B52AEA8147}"
EndProject
Project("{FAE04EC0-301F-11D3-BF4B-00C04F79EFBC}") = "DrinkableBleach", "DrinkableBleach\DrinkableBleach.csproj", "{C9FA164E-8FAA-4386-AD39-5F2E3A531CF3}"
EndProject
Project("{FAE04EC0-301F-11D3-BF4B-00C04F79EFBC}") = "PickupableStorageEnhanced", "PickupFullCarryalls\PickupableStorageEnhanced.csproj", "{F43B5BD7-0D24-4B58-8622-74FD8587FA85}"
EndProject
Project("{FAE04EC0-301F-11D3-BF4B-00C04F79EFBC}") = "Radio", "SonyWalkman\Radio.csproj", "{75391D87-662B-493B-A2EF-73196AA39F1E}"
EndProject
Project("{FAE04EC0-301F-11D3-BF4B-00C04F79EFBC}") = "CyclopsInceptionUpgrade", "CyclopsInceptionUpgrade\CyclopsInceptionUpgrade.csproj", "{266DDAB4-9CD3-4472-905F-5129C5C19B2B}"
EndProject
Global
	GlobalSection(SharedMSBuildProjectFiles) = preSolution
		Common\Common.projitems*{01a12da2-756d-46fc-8f42-d8af66b2250b}*SharedItemsImports = 4
		Common\Common.projitems*{6a87f420-fe54-4edf-ac43-118b07829f55}*SharedItemsImports = 13
		Common\Common.projitems*{c9fa164e-8faa-4386-ad39-5f2e3a531cf3}*SharedItemsImports = 4
		Common\Common.projitems*{d1641441-427a-4c34-b750-29b52aea8147}*SharedItemsImports = 4
		Common\Common.projitems*{f43b5bd7-0d24-4b58-8622-74fd8587fa85}*SharedItemsImports = 4
	EndGlobalSection
	GlobalSection(SolutionConfigurationPlatforms) = preSolution
		Debug|Any CPU = Debug|Any CPU
		Release|Any CPU = Release|Any CPU
	EndGlobalSection
	GlobalSection(ProjectConfigurationPlatforms) = postSolution
		{01A12DA2-756D-46FC-8F42-D8AF66B2250B}.Debug|Any CPU.ActiveCfg = Debug|Any CPU
		{01A12DA2-756D-46FC-8F42-D8AF66B2250B}.Debug|Any CPU.Build.0 = Debug|Any CPU
		{01A12DA2-756D-46FC-8F42-D8AF66B2250B}.Release|Any CPU.ActiveCfg = Release|Any CPU
		{01A12DA2-756D-46FC-8F42-D8AF66B2250B}.Release|Any CPU.Build.0 = Release|Any CPU
		{D1641441-427A-4C34-B750-29B52AEA8147}.Debug|Any CPU.ActiveCfg = Debug|Any CPU
		{D1641441-427A-4C34-B750-29B52AEA8147}.Debug|Any CPU.Build.0 = Debug|Any CPU
		{D1641441-427A-4C34-B750-29B52AEA8147}.Release|Any CPU.ActiveCfg = Release|Any CPU
		{D1641441-427A-4C34-B750-29B52AEA8147}.Release|Any CPU.Build.0 = Release|Any CPU
		{C9FA164E-8FAA-4386-AD39-5F2E3A531CF3}.Debug|Any CPU.ActiveCfg = Debug|Any CPU
		{C9FA164E-8FAA-4386-AD39-5F2E3A531CF3}.Debug|Any CPU.Build.0 = Debug|Any CPU
		{C9FA164E-8FAA-4386-AD39-5F2E3A531CF3}.Release|Any CPU.ActiveCfg = Release|Any CPU
		{C9FA164E-8FAA-4386-AD39-5F2E3A531CF3}.Release|Any CPU.Build.0 = Release|Any CPU
		{F43B5BD7-0D24-4B58-8622-74FD8587FA85}.Debug|Any CPU.ActiveCfg = Debug|Any CPU
		{F43B5BD7-0D24-4B58-8622-74FD8587FA85}.Debug|Any CPU.Build.0 = Debug|Any CPU
		{F43B5BD7-0D24-4B58-8622-74FD8587FA85}.Release|Any CPU.ActiveCfg = Release|Any CPU
		{F43B5BD7-0D24-4B58-8622-74FD8587FA85}.Release|Any CPU.Build.0 = Release|Any CPU
		{75391D87-662B-493B-A2EF-73196AA39F1E}.Debug|Any CPU.ActiveCfg = Debug|Any CPU
		{75391D87-662B-493B-A2EF-73196AA39F1E}.Debug|Any CPU.Build.0 = Debug|Any CPU
		{75391D87-662B-493B-A2EF-73196AA39F1E}.Release|Any CPU.ActiveCfg = Release|Any CPU
		{75391D87-662B-493B-A2EF-73196AA39F1E}.Release|Any CPU.Build.0 = Release|Any CPU
		{266DDAB4-9CD3-4472-905F-5129C5C19B2B}.Debug|Any CPU.ActiveCfg = Debug|Any CPU
		{266DDAB4-9CD3-4472-905F-5129C5C19B2B}.Debug|Any CPU.Build.0 = Debug|Any CPU
		{266DDAB4-9CD3-4472-905F-5129C5C19B2B}.Release|Any CPU.ActiveCfg = Release|Any CPU
		{266DDAB4-9CD3-4472-905F-5129C5C19B2B}.Release|Any CPU.Build.0 = Release|Any CPU
	EndGlobalSection
	GlobalSection(SolutionProperties) = preSolution
		HideSolutionNode = FALSE
	EndGlobalSection
	GlobalSection(ExtensibilityGlobals) = postSolution
		SolutionGuid = {E36CFBBF-9988-46E4-BF3A-621160FB4C34}
	EndGlobalSection
EndGlobal
